
Microsoft Visual Studio Solution File, Format Version 12.00
# Visual Studio 2017
Project("{FAE04EC0-301F-11D3-BF4B-00C04F79EFBC}") = "gate-game", "gate-game.csproj", "{46A62491-C578-07AD-154F-223A4035E070}"
EndProject
Project("{FAE04EC0-301F-11D3-BF4B-00C04F79EFBC}") = "gate-game.Editor", "gate-game.Editor.csproj", "{2C26357B-8BB7-C46B-89CE-F25BB90E754A}"
EndProject
Global
	GlobalSection(SolutionConfigurationPlatforms) = preSolution
		Debug|Any CPU = Debug|Any CPU
		Release|Any CPU = Release|Any CPU
	EndGlobalSection
	GlobalSection(ProjectConfigurationPlatforms) = postSolution
		{46A62491-C578-07AD-154F-223A4035E070}.Debug|Any CPU.ActiveCfg = Debug|Any CPU
		{46A62491-C578-07AD-154F-223A4035E070}.Debug|Any CPU.Build.0 = Debug|Any CPU
		{46A62491-C578-07AD-154F-223A4035E070}.Release|Any CPU.ActiveCfg = Release|Any CPU
		{46A62491-C578-07AD-154F-223A4035E070}.Release|Any CPU.Build.0 = Release|Any CPU
		{2C26357B-8BB7-C46B-89CE-F25BB90E754A}.Debug|Any CPU.ActiveCfg = Debug|Any CPU
		{2C26357B-8BB7-C46B-89CE-F25BB90E754A}.Debug|Any CPU.Build.0 = Debug|Any CPU
		{2C26357B-8BB7-C46B-89CE-F25BB90E754A}.Release|Any CPU.ActiveCfg = Release|Any CPU
		{2C26357B-8BB7-C46B-89CE-F25BB90E754A}.Release|Any CPU.Build.0 = Release|Any CPU
	EndGlobalSection
	GlobalSection(SolutionProperties) = preSolution
		HideSolutionNode = FALSE
	EndGlobalSection
<<<<<<< HEAD
	GlobalSection(MonoDevelopProperties) = preSolution
		StartupItem = Assembly-CSharp.csproj
	EndGlobalSection	GlobalSection(MonoDevelopProperties) = preSolution
=======
>>>>>>> 719ff16541b0aa7df1d749fa1b2ba433e1cdfb46
EndGlobal
