
Microsoft Visual Studio Solution File, Format Version 11.00
# Visual Studio 2010
Project("{FAE04EC0-301F-11D3-BF4B-00C04F79EFBC}") = "gate-game", "Assembly-CSharp.csproj", "{556BE171-59F4-7CB3-C086-B9906381025A}"
EndProject
Project("{FAE04EC0-301F-11D3-BF4B-00C04F79EFBC}") = "gate-game", "Assembly-CSharp-Editor.csproj", "{5AAA8202-2063-3880-A7CC-ABDD2903990E}"
EndProject
Global
	GlobalSection(SolutionConfigurationPlatforms) = preSolution
		Debug|Any CPU = Debug|Any CPU
		Release|Any CPU = Release|Any CPU
	EndGlobalSection
	GlobalSection(ProjectConfigurationPlatforms) = postSolution
		{556BE171-59F4-7CB3-C086-B9906381025A}.Debug|Any CPU.ActiveCfg = Debug|Any CPU
		{556BE171-59F4-7CB3-C086-B9906381025A}.Debug|Any CPU.Build.0 = Debug|Any CPU
		{556BE171-59F4-7CB3-C086-B9906381025A}.Release|Any CPU.ActiveCfg = Release|Any CPU
		{556BE171-59F4-7CB3-C086-B9906381025A}.Release|Any CPU.Build.0 = Release|Any CPU
		{5AAA8202-2063-3880-A7CC-ABDD2903990E}.Debug|Any CPU.ActiveCfg = Debug|Any CPU
		{5AAA8202-2063-3880-A7CC-ABDD2903990E}.Debug|Any CPU.Build.0 = Debug|Any CPU
		{5AAA8202-2063-3880-A7CC-ABDD2903990E}.Release|Any CPU.ActiveCfg = Release|Any CPU
		{5AAA8202-2063-3880-A7CC-ABDD2903990E}.Release|Any CPU.Build.0 = Release|Any CPU
	EndGlobalSection
	GlobalSection(SolutionProperties) = preSolution
		HideSolutionNode = FALSE
	EndGlobalSection
	GlobalSection(MonoDevelopProperties) = preSolution
		StartupItem = Assembly-CSharp.csproj
	EndGlobalSection	GlobalSection(MonoDevelopProperties) = preSolution
EndGlobal
